
Microsoft Visual Studio Solution File, Format Version 12.00
# Visual Studio Version 16
VisualStudioVersion = 16.0.35325.158
MinimumVisualStudioVersion = 10.0.40219.1
Project("{FAE04EC0-301F-11D3-BF4B-00C04F79EFBC}") = "gestion_prof", "gestion_prof.csproj", "{8FA7380D-E5E8-4B3D-90E9-AF1FC7438FAF}"
EndProject
Global
	GlobalSection(SolutionConfigurationPlatforms) = preSolution
		Debug|Any CPU = Debug|Any CPU
		Release|Any CPU = Release|Any CPU
	EndGlobalSection
	GlobalSection(ProjectConfigurationPlatforms) = postSolution
		{8FA7380D-E5E8-4B3D-90E9-AF1FC7438FAF}.Debug|Any CPU.ActiveCfg = Debug|Any CPU
		{8FA7380D-E5E8-4B3D-90E9-AF1FC7438FAF}.Debug|Any CPU.Build.0 = Debug|Any CPU
		{8FA7380D-E5E8-4B3D-90E9-AF1FC7438FAF}.Release|Any CPU.ActiveCfg = Release|Any CPU
		{8FA7380D-E5E8-4B3D-90E9-AF1FC7438FAF}.Release|Any CPU.Build.0 = Release|Any CPU
	EndGlobalSection
	GlobalSection(SolutionProperties) = preSolution
		HideSolutionNode = FALSE
	EndGlobalSection
	GlobalSection(ExtensibilityGlobals) = postSolution
		SolutionGuid = {11A77D3F-BC02-4EA9-AD5D-E88E76745768}
	EndGlobalSection
EndGlobal
